
Microsoft Visual Studio Solution File, Format Version 12.00
# Visual Studio Version 17
VisualStudioVersion = 17.8.34309.116
MinimumVisualStudioVersion = 10.0.40219.1
Project("{FAE04EC0-301F-11D3-BF4B-00C04F79EFBC}") = "BrickForgeCommanderUI", "BrickForgeCommanderUI\BrickForgeCommanderUI.csproj", "{D0BDAF14-927E-41DE-9DCF-A104203B08BB}"
EndProject
Project("{00D1A9C2-B5F0-4AF3-8072-F6C62B433612}") = "BrickForgeCommanderDB", "BrickForgeCommanderDB\BrickForgeCommanderDB.sqlproj", "{B0CA7A58-0922-46E0-8064-8FED9A35FC9A}"
EndProject
Project("{FAE04EC0-301F-11D3-BF4B-00C04F79EFBC}") = "bfc_CustomControls", "bfcCustomControls\bfc_CustomControls.csproj", "{DCA29D35-52F5-4C7A-8270-DE58A31A7633}"
EndProject
Global
	GlobalSection(SolutionConfigurationPlatforms) = preSolution
		Debug|Any CPU = Debug|Any CPU
		Release|Any CPU = Release|Any CPU
	EndGlobalSection
	GlobalSection(ProjectConfigurationPlatforms) = postSolution
		{D0BDAF14-927E-41DE-9DCF-A104203B08BB}.Debug|Any CPU.ActiveCfg = Debug|Any CPU
		{D0BDAF14-927E-41DE-9DCF-A104203B08BB}.Debug|Any CPU.Build.0 = Debug|Any CPU
		{D0BDAF14-927E-41DE-9DCF-A104203B08BB}.Release|Any CPU.ActiveCfg = Release|Any CPU
		{D0BDAF14-927E-41DE-9DCF-A104203B08BB}.Release|Any CPU.Build.0 = Release|Any CPU
		{B0CA7A58-0922-46E0-8064-8FED9A35FC9A}.Debug|Any CPU.ActiveCfg = Debug|Any CPU
		{B0CA7A58-0922-46E0-8064-8FED9A35FC9A}.Debug|Any CPU.Build.0 = Debug|Any CPU
		{B0CA7A58-0922-46E0-8064-8FED9A35FC9A}.Debug|Any CPU.Deploy.0 = Debug|Any CPU
		{B0CA7A58-0922-46E0-8064-8FED9A35FC9A}.Release|Any CPU.ActiveCfg = Release|Any CPU
		{B0CA7A58-0922-46E0-8064-8FED9A35FC9A}.Release|Any CPU.Build.0 = Release|Any CPU
		{B0CA7A58-0922-46E0-8064-8FED9A35FC9A}.Release|Any CPU.Deploy.0 = Release|Any CPU
		{DCA29D35-52F5-4C7A-8270-DE58A31A7633}.Debug|Any CPU.ActiveCfg = Debug|Any CPU
		{DCA29D35-52F5-4C7A-8270-DE58A31A7633}.Debug|Any CPU.Build.0 = Debug|Any CPU
		{DCA29D35-52F5-4C7A-8270-DE58A31A7633}.Release|Any CPU.ActiveCfg = Release|Any CPU
		{DCA29D35-52F5-4C7A-8270-DE58A31A7633}.Release|Any CPU.Build.0 = Release|Any CPU
	EndGlobalSection
	GlobalSection(SolutionProperties) = preSolution
		HideSolutionNode = FALSE
	EndGlobalSection
	GlobalSection(ExtensibilityGlobals) = postSolution
		SolutionGuid = {C0280120-B933-4344-8A57-BFDF8C6C20FC}
	EndGlobalSection
EndGlobal
